// !$*UTF8*$!
{
	archiveVersion = 1;
	classes = {
	};
	objectVersion = 46;
	objects = {

/* Begin PBXBuildFile section */
		C2CDC9BF1F6B9FB200A598A7 /* AppDelegate.swift in Sources */ = {isa = PBXBuildFile; fileRef = C2CDC9BE1F6B9FB200A598A7 /* AppDelegate.swift */; };
		C2CDC9C11F6B9FB200A598A7 /* ViewController.swift in Sources */ = {isa = PBXBuildFile; fileRef = C2CDC9C01F6B9FB200A598A7 /* ViewController.swift */; };
		C2CDC9C41F6B9FB200A598A7 /* Main.storyboard in Resources */ = {isa = PBXBuildFile; fileRef = C2CDC9C21F6B9FB200A598A7 /* Main.storyboard */; };
		C2CDC9C61F6B9FB200A598A7 /* Assets.xcassets in Resources */ = {isa = PBXBuildFile; fileRef = C2CDC9C51F6B9FB200A598A7 /* Assets.xcassets */; };
		C2CDC9C91F6B9FB200A598A7 /* LaunchScreen.storyboard in Resources */ = {isa = PBXBuildFile; fileRef = C2CDC9C71F6B9FB200A598A7 /* LaunchScreen.storyboard */; };
		C2CE2E881F6BBBA4008B3F68 /* TableData.swift in Sources */ = {isa = PBXBuildFile; fileRef = C2CE2E871F6BBBA4008B3F68 /* TableData.swift */; };
/* End PBXBuildFile section */

/* Begin PBXFileReference section */
		C2CDC9BB1F6B9FB200A598A7 /* MultipleSelectionTableView.app */ = {isa = PBXFileReference; explicitFileType = wrapper.application; includeInIndex = 0; path = MultipleSelectionTableView.app; sourceTree = BUILT_PRODUCTS_DIR; };
		C2CDC9BE1F6B9FB200A598A7 /* AppDelegate.swift */ = {isa = PBXFileReference; lastKnownFileType = sourcecode.swift; path = AppDelegate.swift; sourceTree = "<group>"; };
		C2CDC9C01F6B9FB200A598A7 /* ViewController.swift */ = {isa = PBXFileReference; lastKnownFileType = sourcecode.swift; path = ViewController.swift; sourceTree = "<group>"; };
		C2CDC9C31F6B9FB200A598A7 /* Base */ = {isa = PBXFileReference; lastKnownFileType = file.storyboard; name = Base; path = Base.lproj/Main.storyboard; sourceTree = "<group>"; };
		C2CDC9C51F6B9FB200A598A7 /* Assets.xcassets */ = {isa = PBXFileReference; lastKnownFileType = folder.assetcatalog; path = Assets.xcassets; sourceTree = "<group>"; };
		C2CDC9C81F6B9FB200A598A7 /* Base */ = {isa = PBXFileReference; lastKnownFileType = file.storyboard; name = Base; path = Base.lproj/LaunchScreen.storyboard; sourceTree = "<group>"; };
		C2CDC9CA1F6B9FB200A598A7 /* Info.plist */ = {isa = PBXFileReference; lastKnownFileType = text.plist.xml; path = Info.plist; sourceTree = "<group>"; };
		C2CE2E871F6BBBA4008B3F68 /* TableData.swift */ = {isa = PBXFileReference; fileEncoding = 4; lastKnownFileType = sourcecode.swift; path = TableData.swift; sourceTree = "<group>"; };
/* End PBXFileReference section */

/* Begin PBXFrameworksBuildPhase section */
		C2CDC9B81F6B9FB200A598A7 /* Frameworks */ = {
			isa = PBXFrameworksBuildPhase;
			buildActionMask = 2147483647;
			files = (
			);
			runOnlyForDeploymentPostprocessing = 0;
		};
/* End PBXFrameworksBuildPhase section */

/* Begin PBXGroup section */
		C2CDC9B21F6B9FB200A598A7 = {
			isa = PBXGroup;
			children = (
				C2CDC9BD1F6B9FB200A598A7 /* MultipleSelectionTableView */,
				C2CDC9BC1F6B9FB200A598A7 /* Products */,
			);
			sourceTree = "<group>";
		};
		C2CDC9BC1F6B9FB200A598A7 /* Products */ = {
			isa = PBXGroup;
			children = (
				C2CDC9BB1F6B9FB200A598A7 /* MultipleSelectionTableView.app */,
			);
			name = Products;
			sourceTree = "<group>";
		};
		C2CDC9BD1F6B9FB200A598A7 /* MultipleSelectionTableView */ = {
			isa = PBXGroup;
			children = (
				C2CDC9BE1F6B9FB200A598A7 /* AppDelegate.swift */,
				C2CDC9C01F6B9FB200A598A7 /* ViewController.swift */,
				C2CDC9C21F6B9FB200A598A7 /* Main.storyboard */,
				C2CDC9C51F6B9FB200A598A7 /* Assets.xcassets */,
				C2CDC9C71F6B9FB200A598A7 /* LaunchScreen.storyboard */,
				C2CDC9CA1F6B9FB200A598A7 /* Info.plist */,
				C2CE2E871F6BBBA4008B3F68 /* TableData.swift */,
			);
			path = MultipleSelectionTableView;
			sourceTree = "<group>";
		};
/* End PBXGroup section */

/* Begin PBXNativeTarget section */
		C2CDC9BA1F6B9FB200A598A7 /* MultipleSelectionTableView */ = {
			isa = PBXNativeTarget;
			buildConfigurationList = C2CDC9CD1F6B9FB200A598A7 /* Build configuration list for PBXNativeTarget "MultipleSelectionTableView" */;
			buildPhases = (
				C2CDC9B71F6B9FB200A598A7 /* Sources */,
				C2CDC9B81F6B9FB200A598A7 /* Frameworks */,
				C2CDC9B91F6B9FB200A598A7 /* Resources */,
			);
			buildRules = (
			);
			dependencies = (
			);
			name = MultipleSelectionTableView;
			productName = MultipleSelectionTableView;
			productReference = C2CDC9BB1F6B9FB200A598A7 /* MultipleSelectionTableView.app */;
			productType = "com.apple.product-type.application";
		};
/* End PBXNativeTarget section */

/* Begin PBXProject section */
		C2CDC9B31F6B9FB200A598A7 /* Project object */ = {
			isa = PBXProject;
			attributes = {
				LastSwiftUpdateCheck = 0830;
				LastUpgradeCheck = 0830;
				ORGANIZATIONNAME = "Rahul Sharma";
				TargetAttributes = {
					C2CDC9BA1F6B9FB200A598A7 = {
						CreatedOnToolsVersion = 8.3.3;
						DevelopmentTeam = SF78HV8BZS;
						ProvisioningStyle = Automatic;
					};
				};
			};
			buildConfigurationList = C2CDC9B61F6B9FB200A598A7 /* Build configuration list for PBXProject "MultipleSelectionTableView" */;
			compatibilityVersion = "Xcode 3.2";
			developmentRegion = English;
			hasScannedForEncodings = 0;
			knownRegions = (
				en,
				Base,
			);
			mainGroup = C2CDC9B21F6B9FB200A598A7;
			productRefGroup = C2CDC9BC1F6B9FB200A598A7 /* Products */;
			projectDirPath = "";
			projectRoot = "";
			targets = (
				C2CDC9BA1F6B9FB200A598A7 /* MultipleSelectionTableView */,
			);
		};
/* End PBXProject section */

/* Begin PBXResourcesBuildPhase section */
		C2CDC9B91F6B9FB200A598A7 /* Resources */ = {
			isa = PBXResourcesBuildPhase;
			buildActionMask = 2147483647;
			files = (
				C2CDC9C91F6B9FB200A598A7 /* LaunchScreen.storyboard in Resources */,
				C2CDC9C61F6B9FB200A598A7 /* Assets.xcassets in Resources */,
				C2CDC9C41F6B9FB200A598A7 /* Main.storyboard in Resources */,
			);
			runOnlyForDeploymentPostprocessing = 0;
		};
/* End PBXResourcesBuildPhase section */

/* Begin PBXSourcesBuildPhase section */
		C2CDC9B71F6B9FB200A598A7 /* Sources */ = {
			isa = PBXSourcesBuildPhase;
			buildActionMask = 2147483647;
			files = (
				C2CE2E881F6BBBA4008B3F68 /* TableData.swift in Sources */,
				C2CDC9C11F6B9FB200A598A7 /* ViewController.swift in Sources */,
				C2CDC9BF1F6B9FB200A598A7 /* AppDelegate.swift in Sources */,
			);
			runOnlyForDeploymentPostprocessing = 0;
		};
/* End PBXSourcesBuildPhase section */

/* Begin PBXVariantGroup section */
		C2CDC9C21F6B9FB200A598A7 /* Main.storyboard */ = {
			isa = PBXVariantGroup;
			children = (
				C2CDC9C31F6B9FB200A598A7 /* Base */,
			);
			name = Main.storyboard;
			sourceTree = "<group>";
		};
		C2CDC9C71F6B9FB200A598A7 /* LaunchScreen.storyboard */ = {
			isa = PBXVariantGroup;
			children = (
				C2CDC9C81F6B9FB200A598A7 /* Base */,
			);
			name = LaunchScreen.storyboard;
			sourceTree = "<group>";
		};
/* End PBXVariantGroup section */

/* Begin XCBuildConfiguration section */
		C2CDC9CB1F6B9FB200A598A7 /* Debug */ = {
			isa = XCBuildConfiguration;
			buildSettings = {
				ALWAYS_SEARCH_USER_PATHS = NO;
				CLANG_ANALYZER_NONNULL = YES;
				CLANG_ANALYZER_NUMBER_OBJECT_CONVERSION = YES_AGGRESSIVE;
				CLANG_CXX_LANGUAGE_STANDARD = "gnu++0x";
				CLANG_CXX_LIBRARY = "libc++";
				CLANG_ENABLE_MODULES = YES;
				CLANG_ENABLE_OBJC_ARC = YES;
				CLANG_WARN_BOOL_CONVERSION = YES;
				CLANG_WARN_CONSTANT_CONVERSION = YES;
				CLANG_WARN_DIRECT_OBJC_ISA_USAGE = YES_ERROR;
				CLANG_WARN_DOCUMENTATION_COMMENTS = YES;
				CLANG_WARN_EMPTY_BODY = YES;
				CLANG_WARN_ENUM_CONVERSION = YES;
				CLANG_WARN_INFINITE_RECURSION = YES;
				CLANG_WARN_INT_CONVERSION = YES;
				CLANG_WARN_OBJC_ROOT_CLASS = YES_ERROR;
				CLANG_WARN_SUSPICIOUS_MOVE = YES;
				CLANG_WARN_UNREACHABLE_CODE = YES;
				CLANG_WARN__DUPLICATE_METHOD_MATCH = YES;
				"CODE_SIGN_IDENTITY[sdk=iphoneos*]" = "iPhone Developer";
				COPY_PHASE_STRIP = NO;
				DEBUG_INFORMATION_FORMAT = dwarf;
				ENABLE_STRICT_OBJC_MSGSEND = YES;
				ENABLE_TESTABILITY = YES;
				GCC_C_LANGUAGE_STANDARD = gnu99;
				GCC_DYNAMIC_NO_PIC = NO;
				GCC_NO_COMMON_BLOCKS = YES;
				GCC_OPTIMIZATION_LEVEL = 0;
				GCC_PREPROCESSOR_DEFINITIONS = (
					"DEBUG=1",
					"$(inherited)",
				);
				GCC_WARN_64_TO_32_BIT_CONVERSION = YES;
				GCC_WARN_ABOUT_RETURN_TYPE = YES_ERROR;
				GCC_WARN_UNDECLARED_SELECTOR = YES;
				GCC_WARN_UNINITIALIZED_AUTOS = YES_AGGRESSIVE;
				GCC_WARN_UNUSED_FUNCTION = YES;
				GCC_WARN_UNUSED_VARIABLE = YES;
				IPHONEOS_DEPLOYMENT_TARGET = 10.3;
				MTL_ENABLE_DEBUG_INFO = YES;
				ONLY_ACTIVE_ARCH = YES;
				SDKROOT = iphoneos;
				SWIFT_ACTIVE_COMPILATION_CONDITIONS = DEBUG;
				SWIFT_OPTIMIZATION_LEVEL = "-Onone";
			};
			name = Debug;
		};
		C2CDC9CC1F6B9FB200A598A7 /* Release */ = {
			isa = XCBuildConfiguration;
			buildSettings = {
				ALWAYS_SEARCH_USER_PATHS = NO;
				CLANG_ANALYZER_NONNULL = YES;
				CLANG_ANALYZER_NUMBER_OBJECT_CONVERSION = YES_AGGRESSIVE;
				CLANG_CXX_LANGUAGE_STANDARD = "gnu++0x";
				CLANG_CXX_LIBRARY = "libc++";
				CLANG_ENABLE_MODULES = YES;
				CLANG_ENABLE_OBJC_ARC = YES;
				CLANG_WARN_BOOL_CONVERSION = YES;
				CLANG_WARN_CONSTANT_CONVERSION = YES;
				CLANG_WARN_DIRECT_OBJC_ISA_USAGE = YES_ERROR;
				CLANG_WARN_DOCUMENTATION_COMMENTS = YES;
				CLANG_WARN_EMPTY_BODY = YES;
				CLANG_WARN_ENUM_CONVERSION = YES;
				CLANG_WARN_INFINITE_RECURSION = YES;
				CLANG_WARN_INT_CONVERSION = YES;
				CLANG_WARN_OBJC_ROOT_CLASS = YES_ERROR;
				CLANG_WARN_SUSPICIOUS_MOVE = YES;
				CLANG_WARN_UNREACHABLE_CODE = YES;
				CLANG_WARN__DUPLICATE_METHOD_MATCH = YES;
				"CODE_SIGN_IDENTITY[sdk=iphoneos*]" = "iPhone Developer";
				COPY_PHASE_STRIP = NO;
				DEBUG_INFORMATION_FORMAT = "dwarf-with-dsym";
				ENABLE_NS_ASSERTIONS = NO;
				ENABLE_STRICT_OBJC_MSGSEND = YES;
				GCC_C_LANGUAGE_STANDARD = gnu99;
				GCC_NO_COMMON_BLOCKS = YES;
				GCC_WARN_64_TO_32_BIT_CONVERSION = YES;
				GCC_WARN_ABOUT_RETURN_TYPE = YES_ERROR;
				GCC_WARN_UNDECLARED_SELECTOR = YES;
				GCC_WARN_UNINITIALIZED_AUTOS = YES_AGGRESSIVE;
				GCC_WARN_UNUSED_FUNCTION = YES;
				GCC_WARN_UNUSED_VARIABLE = YES;
				IPHONEOS_DEPLOYMENT_TARGET = 10.3;
				MTL_ENABLE_DEBUG_INFO = NO;
				SDKROOT = iphoneos;
				SWIFT_OPTIMIZATION_LEVEL = "-Owholemodule";
				VALIDATE_PRODUCT = YES;
			};
			name = Release;
		};
		C2CDC9CE1F6B9FB200A598A7 /* Debug */ = {
			isa = XCBuildConfiguration;
			buildSettings = {
				ASSETCATALOG_COMPILER_APPICON_NAME = AppIcon;
				DEVELOPMENT_TEAM = SF78HV8BZS;
				INFOPLIST_FILE = MultipleSelectionTableView/Info.plist;
				LD_RUNPATH_SEARCH_PATHS = "$(inherited) @executable_path/Frameworks";
				PRODUCT_BUNDLE_IDENTIFIER = com.MultipleSelectionTableView;
				PRODUCT_NAME = "$(TARGET_NAME)";
				SWIFT_VERSION = 3.0;
			};
			name = Debug;
		};
		C2CDC9CF1F6B9FB200A598A7 /* Release */ = {
			isa = XCBuildConfiguration;
			buildSettings = {
				ASSETCATALOG_COMPILER_APPICON_NAME = AppIcon;
				DEVELOPMENT_TEAM = SF78HV8BZS;
				INFOPLIST_FILE = MultipleSelectionTableView/Info.plist;
				LD_RUNPATH_SEARCH_PATHS = "$(inherited) @executable_path/Frameworks";
				PRODUCT_BUNDLE_IDENTIFIER = com.MultipleSelectionTableView;
				PRODUCT_NAME = "$(TARGET_NAME)";
				SWIFT_VERSION = 3.0;
			};
			name = Release;
		};
/* End XCBuildConfiguration section */

/* Begin XCConfigurationList section */
		C2CDC9B61F6B9FB200A598A7 /* Build configuration list for PBXProject "MultipleSelectionTableView" */ = {
			isa = XCConfigurationList;
			buildConfigurations = (
				C2CDC9CB1F6B9FB200A598A7 /* Debug */,
				C2CDC9CC1F6B9FB200A598A7 /* Release */,
			);
			defaultConfigurationIsVisible = 0;
			defaultConfigurationName = Release;
		};
		C2CDC9CD1F6B9FB200A598A7 /* Build configuration list for PBXNativeTarget "MultipleSelectionTableView" */ = {
			isa = XCConfigurationList;
			buildConfigurations = (
				C2CDC9CE1F6B9FB200A598A7 /* Debug */,
				C2CDC9CF1F6B9FB200A598A7 /* Release */,
			);
			defaultConfigurationIsVisible = 0;
			defaultConfigurationName = Release;
		};
/* End XCConfigurationList section */
	};
	rootObject = C2CDC9B31F6B9FB200A598A7 /* Project object */;
}
